
Microsoft Visual Studio Solution File, Format Version 12.00
# Visual Studio Version 16
VisualStudioVersion = 16.0.31112.23
MinimumVisualStudioVersion = 10.0.40219.1
Project("{FAE04EC0-301F-11D3-BF4B-00C04F79EFBC}") = "FancyCalc", "FancyCalc.csproj", "{138B05BB-2627-46E7-8C21-CF532FC70771}"
EndProject
Project("{FAE04EC0-301F-11D3-BF4B-00C04F79EFBC}") = "CalcTests", "..\CalcTests\CalcTests.csproj", "{1C2EB49B-A0F2-4498-8A3D-5FFF1619C98E}"
	ProjectSection(ProjectDependencies) = postProject
		{138B05BB-2627-46E7-8C21-CF532FC70771} = {138B05BB-2627-46E7-8C21-CF532FC70771}
	EndProjectSection
EndProject
Global
	GlobalSection(SolutionConfigurationPlatforms) = preSolution
		Debug|Any CPU = Debug|Any CPU
		Release|Any CPU = Release|Any CPU
	EndGlobalSection
	GlobalSection(ProjectConfigurationPlatforms) = postSolution
		{138B05BB-2627-46E7-8C21-CF532FC70771}.Debug|Any CPU.ActiveCfg = Debug|Any CPU
		{138B05BB-2627-46E7-8C21-CF532FC70771}.Debug|Any CPU.Build.0 = Debug|Any CPU
		{138B05BB-2627-46E7-8C21-CF532FC70771}.Release|Any CPU.ActiveCfg = Release|Any CPU
		{138B05BB-2627-46E7-8C21-CF532FC70771}.Release|Any CPU.Build.0 = Release|Any CPU
		{1C2EB49B-A0F2-4498-8A3D-5FFF1619C98E}.Debug|Any CPU.ActiveCfg = Debug|Any CPU
		{1C2EB49B-A0F2-4498-8A3D-5FFF1619C98E}.Debug|Any CPU.Build.0 = Debug|Any CPU
		{1C2EB49B-A0F2-4498-8A3D-5FFF1619C98E}.Release|Any CPU.ActiveCfg = Release|Any CPU
		{1C2EB49B-A0F2-4498-8A3D-5FFF1619C98E}.Release|Any CPU.Build.0 = Release|Any CPU
	EndGlobalSection
	GlobalSection(SolutionProperties) = preSolution
		HideSolutionNode = FALSE
	EndGlobalSection
	GlobalSection(ExtensibilityGlobals) = postSolution
		SolutionGuid = {6FEC8A99-55F2-4D75-A90F-E01FE0BA2898}
	EndGlobalSection
EndGlobal
